// !$*UTF8*$!
{
       archiveVersion = 1;
       classes = {
       };
       objectVersion = 46;
       objects = {

/* Begin PBXAggregateTarget section */
              0F003B8D864F47B599D87FA5 /* ALL_BUILD */ = {
                     isa = PBXAggregateTarget;
                     buildConfigurationList = 4B5E055C04D546D2A26E366C /* Build configuration list for PBXAggregateTarget "ALL_BUILD" */;
                     buildPhases = (
                            F436306BC2C247F39CB6CD5F /* CMake Rules */,
                     );
                     dependencies = (
                            B70F3BD6DD9C4AD38C7F4FC9 /* PBXTargetDependency */,
                            295078F38D8246FC89B36B50 /* PBXTargetDependency */,
                     );
                     name = ALL_BUILD;
                     productName = ALL_BUILD;
              };
              4A1F0D9ACBA148DD97AF59FB /* ZERO_CHECK */ = {
                     isa = PBXAggregateTarget;
                     buildConfigurationList = 4054BF2EC44C4E19B9DEAE4B /* Build configuration list for PBXAggregateTarget "ZERO_CHECK" */;
                     buildPhases = (
                            D312E08621F6482F88B8556E /* CMake Rules */,
                     );
                     dependencies = (
                     );
                     name = ZERO_CHECK;
                     productName = ZERO_CHECK;
              };
/* End PBXAggregateTarget section */

/* Begin PBXBuildFile section */
16B95912F994444FA1D3BA34 /* /Users/joshuaengelsma/git/OpenGLPictureToModel/SampleProject/BufferObject.h */ = {isa = PBXBuildFile; fileRef = 10A7DA13B3A94634B51053C6 /* /Users/joshuaengelsma/git/OpenGLPictureToModel/SampleProject/BufferObject.h */; settings = { COMPILER_FLAGS = ""; }; };
DD5C971B951B4C73B934CEE0 /* /Users/joshuaengelsma/git/OpenGLPictureToModel/SampleProject/CMakeLists.txt */ = {isa = PBXBuildFile; fileRef = 9248E22DC1574855AACD2238 /* /Users/joshuaengelsma/git/OpenGLPictureToModel/SampleProject/CMakeLists.txt */; settings = { COMPILER_FLAGS = ""; }; };
1613FFE544AC4EC4915811F7 /* /Users/joshuaengelsma/git/OpenGLPictureToModel/SampleProject/HexNut.cpp */ = {isa = PBXBuildFile; fileRef = 009C19CA42F4491FACC4B66A /* /Users/joshuaengelsma/git/OpenGLPictureToModel/SampleProject/HexNut.cpp */; settings = { COMPILER_FLAGS = ""; }; };
A6675330E0464536A72F1968 /* /Users/joshuaengelsma/git/OpenGLPictureToModel/SampleProject/HexNut.h */ = {isa = PBXBuildFile; fileRef = 0A75415F754B40D6BA29C6ED /* /Users/joshuaengelsma/git/OpenGLPictureToModel/SampleProject/HexNut.h */; settings = { COMPILER_FLAGS = ""; }; };
8AFC3C6C8D72453BBFE131F9 /* /Users/joshuaengelsma/git/OpenGLPictureToModel/SampleProject/Sphere.cpp */ = {isa = PBXBuildFile; fileRef = BE74D446C78B4D55ABFFABB2 /* /Users/joshuaengelsma/git/OpenGLPictureToModel/SampleProject/Sphere.cpp */; settings = { COMPILER_FLAGS = ""; }; };
B5C42E9F59004E88B1F2552A /* /Users/joshuaengelsma/git/OpenGLPictureToModel/SampleProject/Sphere.h */ = {isa = PBXBuildFile; fileRef = 14F4F465E98846DBA088A4C2 /* /Users/joshuaengelsma/git/OpenGLPictureToModel/SampleProject/Sphere.h */; settings = { COMPILER_FLAGS = ""; }; };
33D8CB62DBBC44D083C15FBD /* /Users/joshuaengelsma/git/OpenGLPictureToModel/SampleProject/main.cpp */ = {isa = PBXBuildFile; fileRef = 46A55A290D2A41C28CA60337 /* /Users/joshuaengelsma/git/OpenGLPictureToModel/SampleProject/main.cpp */; settings = { COMPILER_FLAGS = ""; }; };
/* End PBXBuildFile section */

/* Begin PBXBuildStyle section */
              D08B793BFABF43D38FAF6D90 /*  */ = {
                     isa = PBXBuildStyle;
              };
              80A596EA0C014A32BF3F80FC /* Debug */ = {
                     isa = PBXBuildStyle;
                     buildSettings = {
                            COPY_PHASE_STRIP = NO;
                     };
                     name = Debug;
              };
              8DF4722E896C493F94870C11 /* Release */ = {
                     isa = PBXBuildStyle;
                     buildSettings = {
                            COPY_PHASE_STRIP = NO;
                     };
                     name = Release;
              };
              9FFD3B4AA75F4586A66FAC14 /* MinSizeRel */ = {
                     isa = PBXBuildStyle;
                     buildSettings = {
                            COPY_PHASE_STRIP = NO;
                     };
                     name = MinSizeRel;
              };
              F62AC0FB719A4CD9B32989C0 /* RelWithDebInfo */ = {
                     isa = PBXBuildStyle;
                     buildSettings = {
                            COPY_PHASE_STRIP = NO;
                     };
                     name = RelWithDebInfo;
              };
/* End PBXBuildStyle section */

/* Begin PBXContainerItemProxy section */
              7F774750957F4B3099B756A6 /* PBXContainerItemProxy */ = {
                     isa = PBXContainerItemProxy;
                     containerPortal = 066967739C574ABCA945A08E /* Project object */;
                     proxyType = 1;
                     remoteGlobalIDString = 8AD868FAD7A848F38DFF712E;
                     remoteInfo = sample;
              };
              BE9A7E6D450248C5B28536E5 /* PBXContainerItemProxy */ = {
                     isa = PBXContainerItemProxy;
                     containerPortal = 066967739C574ABCA945A08E /* Project object */;
                     proxyType = 1;
                     remoteGlobalIDString = 4A1F0D9ACBA148DD97AF59FB;
                     remoteInfo = ZERO_CHECK;
              };
              DD8245209C224FBF9B375C16 /* PBXContainerItemProxy */ = {
                     isa = PBXContainerItemProxy;
                     containerPortal = 066967739C574ABCA945A08E /* Project object */;
                     proxyType = 1;
                     remoteGlobalIDString = 4A1F0D9ACBA148DD97AF59FB;
                     remoteInfo = ZERO_CHECK;
              };
/* End PBXContainerItemProxy section */

/* Begin PBXFileReference section */
80AECD50D73C43AE83F7F391 /* /Users/joshuaengelsma/git/OpenGLPictureToModel/SampleProject/CMakeLists.txt */ = {isa = PBXFileReference; explicitFileType = "sourcecode.text"; fileEncoding = 4; name = "CMakeLists.txt"; path = "CMakeLists.txt"; sourceTree = SOURCE_ROOT; };
8D3A02F4B4504AF48CC7BFE0 /* /Users/joshuaengelsma/git/OpenGLPictureToModel/SampleProject/CMakeLists.txt */ = {isa = PBXFileReference; explicitFileType = "sourcecode.text"; fileEncoding = 4; name = "CMakeLists.txt"; path = "CMakeLists.txt"; sourceTree = SOURCE_ROOT; };
10A7DA13B3A94634B51053C6 /* /Users/joshuaengelsma/git/OpenGLPictureToModel/SampleProject/BufferObject.h */ = {isa = PBXFileReference; explicitFileType = "sourcecode.c.h"; fileEncoding = 4; name = "BufferObject.h"; path = "BufferObject.h"; sourceTree = SOURCE_ROOT; };
9248E22DC1574855AACD2238 /* /Users/joshuaengelsma/git/OpenGLPictureToModel/SampleProject/CMakeLists.txt */ = {isa = PBXFileReference; explicitFileType = "sourcecode.text"; fileEncoding = 4; name = "CMakeLists.txt"; path = "CMakeLists.txt"; sourceTree = SOURCE_ROOT; };
009C19CA42F4491FACC4B66A /* /Users/joshuaengelsma/git/OpenGLPictureToModel/SampleProject/HexNut.cpp */ = {isa = PBXFileReference; explicitFileType = "sourcecode.cpp.cpp"; fileEncoding = 4; name = "HexNut.cpp"; path = "HexNut.cpp"; sourceTree = SOURCE_ROOT; };
0A75415F754B40D6BA29C6ED /* /Users/joshuaengelsma/git/OpenGLPictureToModel/SampleProject/HexNut.h */ = {isa = PBXFileReference; explicitFileType = "sourcecode.c.h"; fileEncoding = 4; name = "HexNut.h"; path = "HexNut.h"; sourceTree = SOURCE_ROOT; };
BE74D446C78B4D55ABFFABB2 /* /Users/joshuaengelsma/git/OpenGLPictureToModel/SampleProject/Sphere.cpp */ = {isa = PBXFileReference; explicitFileType = "sourcecode.cpp.cpp"; fileEncoding = 4; name = "Sphere.cpp"; path = "Sphere.cpp"; sourceTree = SOURCE_ROOT; };
14F4F465E98846DBA088A4C2 /* /Users/joshuaengelsma/git/OpenGLPictureToModel/SampleProject/Sphere.h */ = {isa = PBXFileReference; explicitFileType = "sourcecode.c.h"; fileEncoding = 4; name = "Sphere.h"; path = "Sphere.h"; sourceTree = SOURCE_ROOT; };
46A55A290D2A41C28CA60337 /* /Users/joshuaengelsma/git/OpenGLPictureToModel/SampleProject/main.cpp */ = {isa = PBXFileReference; explicitFileType = "sourcecode.cpp.cpp"; fileEncoding = 4; name = "main.cpp"; path = "main.cpp"; sourceTree = SOURCE_ROOT; };
3E022A2D5E534235B05C9F50 /* sample */ = {isa = PBXFileReference; explicitFileType = "compiled.mach-o.executable"; path = sample; refType = 0; sourceTree = BUILT_PRODUCTS_DIR; };
/* End PBXFileReference section */

/* Begin PBXGroup section */
              ACB93D8FE00A4E9BAAAEC9F0  = {
                     isa = PBXGroup;
                     children = (
                            E6CA6DF642AA410AB4D2B6BF /* Sources */,
                            363BFA0EF529437BB55C62E6 /* Resources */,
                            33549382C423415BBDCAAC67 /* Products */,
                     );
                     sourceTree = "<group>";
              };
              E6CA6DF642AA410AB4D2B6BF /* Sources */ = {
                     isa = PBXGroup;
                     children = (
                            5FF6417ED626428CB882039C /* ALL_BUILD */,
                            6D457440213E4A539C5BAFDD /* sample */,
                            54AA842BE1CB4B50AA1F9A00 /* ZERO_CHECK */,
                     );
                     name = Sources;
                     sourceTree = "<group>";
              };
              363BFA0EF529437BB55C62E6 /* Resources */ = {
                     isa = PBXGroup;
                     children = (
                     );
                     name = Resources;
                     sourceTree = "<group>";
              };
              5FF6417ED626428CB882039C /* ALL_BUILD */ = {
                     isa = PBXGroup;
                     children = (
                            439BDD2123114F23B8FB9576 /* CMake Rules */,
                            80AECD50D73C43AE83F7F391 /* /Users/joshuaengelsma/git/OpenGLPictureToModel/SampleProject/CMakeLists.txt */,
                     );
                     name = ALL_BUILD;
                     sourceTree = "<group>";
              };
              439BDD2123114F23B8FB9576 /* CMake Rules */ = {
                     isa = PBXGroup;
                     children = (
                     );
                     name = "CMake Rules";
                     sourceTree = "<group>";
              };
              6D457440213E4A539C5BAFDD /* sample */ = {
                     isa = PBXGroup;
                     children = (
                            68BCC89DE9494C59AB1D161D /* Source Files */,
                            EC22289A0C7646DBBACD5167 /* Header Files */,
                            9248E22DC1574855AACD2238 /* /Users/joshuaengelsma/git/OpenGLPictureToModel/SampleProject/CMakeLists.txt */,
                     );
                     name = sample;
                     sourceTree = "<group>";
              };
              68BCC89DE9494C59AB1D161D /* Source Files */ = {
                     isa = PBXGroup;
                     children = (
                            009C19CA42F4491FACC4B66A /* /Users/joshuaengelsma/git/OpenGLPictureToModel/SampleProject/HexNut.cpp */,
                            BE74D446C78B4D55ABFFABB2 /* /Users/joshuaengelsma/git/OpenGLPictureToModel/SampleProject/Sphere.cpp */,
                            46A55A290D2A41C28CA60337 /* /Users/joshuaengelsma/git/OpenGLPictureToModel/SampleProject/main.cpp */,
                     );
                     name = "Source Files";
                     sourceTree = "<group>";
              };
              EC22289A0C7646DBBACD5167 /* Header Files */ = {
                     isa = PBXGroup;
                     children = (
                            10A7DA13B3A94634B51053C6 /* /Users/joshuaengelsma/git/OpenGLPictureToModel/SampleProject/BufferObject.h */,
                            0A75415F754B40D6BA29C6ED /* /Users/joshuaengelsma/git/OpenGLPictureToModel/SampleProject/HexNut.h */,
                            14F4F465E98846DBA088A4C2 /* /Users/joshuaengelsma/git/OpenGLPictureToModel/SampleProject/Sphere.h */,
                     );
                     name = "Header Files";
                     sourceTree = "<group>";
              };
              54AA842BE1CB4B50AA1F9A00 /* ZERO_CHECK */ = {
                     isa = PBXGroup;
                     children = (
                            0522E5FBA1744C548BF5DC1B /* CMake Rules */,
                            8D3A02F4B4504AF48CC7BFE0 /* /Users/joshuaengelsma/git/OpenGLPictureToModel/SampleProject/CMakeLists.txt */,
                     );
                     name = ZERO_CHECK;
                     sourceTree = "<group>";
              };
              0522E5FBA1744C548BF5DC1B /* CMake Rules */ = {
                     isa = PBXGroup;
                     children = (
                     );
                     name = "CMake Rules";
                     sourceTree = "<group>";
              };
              33549382C423415BBDCAAC67 /* Products */ = {
                     isa = PBXGroup;
                     children = (
                            3E022A2D5E534235B05C9F50 /* sample */,
                     );
                     name = Products;
                     sourceTree = "<group>";
              };
/* End PBXGroup section */

/* Begin PBXNativeTarget section */
              8AD868FAD7A848F38DFF712E /* sample */ = {
                     isa = PBXNativeTarget;
                     buildConfigurationList = 0C653ECA20FC4FDA8BA09309 /* Build configuration list for PBXNativeTarget "sample" */;
                     buildPhases = (
                            0FDC0B17BC404313A57D75C6 /* Sources */,
                     );
                     buildRules = (
                     );
                     dependencies = (
                            1C70B1E757E843CA9B400468 /* PBXTargetDependency */,
                     );
                     name = sample;
                     productName = sample;
                     productReference = 3E022A2D5E534235B05C9F50 /* sample */;
                     productType = "com.apple.product-type.tool";
              };
/* End PBXNativeTarget section */

/* Begin PBXProject section */
              066967739C574ABCA945A08E /* Project object */ = {
                     isa = PBXProject;
                     attributes = {
                            BuildIndependentTargetsInParallel = YES;
                     };
                     buildConfigurationList = C0628E77B39C407A8F6110BD /* Build configuration list for PBXProject  "sample" */;
                     buildSettings = {
                     };
                     buildStyles = (
                            80A596EA0C014A32BF3F80FC /* Debug */,
                            8DF4722E896C493F94870C11 /* Release */,
                            9FFD3B4AA75F4586A66FAC14 /* MinSizeRel */,
                            F62AC0FB719A4CD9B32989C0 /* RelWithDebInfo */,
                     );
                     compatibilityVersion = "Xcode 3.2";
                     hasScannedForEncodings = 0;
                     mainGroup = ACB93D8FE00A4E9BAAAEC9F0;
                     projectDirPath = ".";
                     projectRoot = "";
                     targets = (
                            0F003B8D864F47B599D87FA5 /* ALL_BUILD */,
                            4A1F0D9ACBA148DD97AF59FB /* ZERO_CHECK */,
                            8AD868FAD7A848F38DFF712E /* sample */,
                     );
              };
/* End PBXProject section */

/* Begin PBXShellScriptBuildPhase section */
              BDAF2BD4D614404BB1F93F11 /*  */ = {
                     isa = PBXShellScriptBuildPhase;
                     buildActionMask = 2147483647;
                     files = (
                     );
                     inputPaths = (
                     );
                     outputPaths = (
                     );
                     runOnlyForDeploymentPostprocessing = 0;
                     shellPath = /bin/sh;
                     shellScript = "# shell script goes here
exit 0";
                     showEnvVarsInLog = 0;
              };
              F436306BC2C247F39CB6CD5F /* CMake Rules */ = {
                     isa = PBXShellScriptBuildPhase;
                     buildActionMask = 2147483647;
                     files = (
                     );
                     name = "CMake Rules";
                     runOnlyForDeploymentPostprocessing = 0;
                     shellPath = /bin/sh;
                     shellScript = "make -C /Users/joshuaengelsma/git/OpenGLPictureToModel/SampleProject -f /Users/joshuaengelsma/git/OpenGLPictureToModel/SampleProject/CMakeScripts/ALL_BUILD_cmakeRulesBuildPhase.make$CONFIGURATION all";
                     showEnvVarsInLog = 0;
              };
              A4D3B48686ED4379A629867C /*  */ = {
                     isa = PBXShellScriptBuildPhase;
                     buildActionMask = 2147483647;
                     files = (
                     );
                     inputPaths = (
                     );
                     outputPaths = (
                     );
                     runOnlyForDeploymentPostprocessing = 0;
                     shellPath = /bin/sh;
                     shellScript = "# shell script goes here
exit 0";
                     showEnvVarsInLog = 0;
              };
              D312E08621F6482F88B8556E /* CMake Rules */ = {
                     isa = PBXShellScriptBuildPhase;
                     buildActionMask = 2147483647;
                     files = (
                     );
                     name = "CMake Rules";
                     runOnlyForDeploymentPostprocessing = 0;
                     shellPath = /bin/sh;
                     shellScript = "make -C /Users/joshuaengelsma/git/OpenGLPictureToModel/SampleProject -f /Users/joshuaengelsma/git/OpenGLPictureToModel/SampleProject/CMakeScripts/ZERO_CHECK_cmakeRulesBuildPhase.make$CONFIGURATION all";
                     showEnvVarsInLog = 0;
              };
/* End PBXShellScriptBuildPhase section */

/* Begin PBXSourcesBuildPhase section */
              0FDC0B17BC404313A57D75C6 /* Sources */ = {
                     isa = PBXSourcesBuildPhase;
                     buildActionMask = 2147483647;
                     files = (
                            1613FFE544AC4EC4915811F7 /* /Users/joshuaengelsma/git/OpenGLPictureToModel/SampleProject/HexNut.cpp */,
                            8AFC3C6C8D72453BBFE131F9 /* /Users/joshuaengelsma/git/OpenGLPictureToModel/SampleProject/Sphere.cpp */,
                            33D8CB62DBBC44D083C15FBD /* /Users/joshuaengelsma/git/OpenGLPictureToModel/SampleProject/main.cpp */,
                     );
                     runOnlyForDeploymentPostprocessing = 0;
              };
/* End PBXSourcesBuildPhase section */

/* Begin PBXTargetDependency section */
              B70F3BD6DD9C4AD38C7F4FC9 /* PBXTargetDependency */ = {
                     isa = PBXTargetDependency;
                     target = 8AD868FAD7A848F38DFF712E /* sample */;
                     targetProxy = 7F774750957F4B3099B756A6 /* PBXContainerItemProxy */;
              };
              295078F38D8246FC89B36B50 /* PBXTargetDependency */ = {
                     isa = PBXTargetDependency;
                     target = 4A1F0D9ACBA148DD97AF59FB /* ZERO_CHECK */;
                     targetProxy = BE9A7E6D450248C5B28536E5 /* PBXContainerItemProxy */;
              };
              1C70B1E757E843CA9B400468 /* PBXTargetDependency */ = {
                     isa = PBXTargetDependency;
                     target = 4A1F0D9ACBA148DD97AF59FB /* ZERO_CHECK */;
                     targetProxy = DD8245209C224FBF9B375C16 /* PBXContainerItemProxy */;
              };
/* End PBXTargetDependency section */

/* Begin XCBuildConfiguration section */
              39EDF3A03CEC4096A39E4EA0 /* Debug */ = {
                     isa = XCBuildConfiguration;
                     buildSettings = {
                            ARCHS = "$(ARCHS_STANDARD_32_64_BIT)";
                            ONLY_ACTIVE_ARCH = YES;
                            SDKROOT = "/Applications/Xcode.app/Contents/Developer/Platforms/MacOSX.platform/Developer/SDKs/MacOSX10.10.sdk";
                            SYMROOT = /Users/joshuaengelsma/git/OpenGLPictureToModel/SampleProject/build;
                     };
                     name = Debug;
              };
              2371B219109A4C139DA7ADE3 /* Release */ = {
                     isa = XCBuildConfiguration;
                     buildSettings = {
                            ARCHS = "$(ARCHS_STANDARD_32_64_BIT)";
                            ONLY_ACTIVE_ARCH = YES;
                            SDKROOT = "/Applications/Xcode.app/Contents/Developer/Platforms/MacOSX.platform/Developer/SDKs/MacOSX10.10.sdk";
                            SYMROOT = /Users/joshuaengelsma/git/OpenGLPictureToModel/SampleProject/build;
                     };
                     name = Release;
              };
              FD1FC118EA6B4C41BBB5BA0D /* MinSizeRel */ = {
                     isa = XCBuildConfiguration;
                     buildSettings = {
                            ARCHS = "$(ARCHS_STANDARD_32_64_BIT)";
                            ONLY_ACTIVE_ARCH = YES;
                            SDKROOT = "/Applications/Xcode.app/Contents/Developer/Platforms/MacOSX.platform/Developer/SDKs/MacOSX10.10.sdk";
                            SYMROOT = /Users/joshuaengelsma/git/OpenGLPictureToModel/SampleProject/build;
                     };
                     name = MinSizeRel;
              };
              1D27D71C19C243BCBA18B9AB /* RelWithDebInfo */ = {
                     isa = XCBuildConfiguration;
                     buildSettings = {
                            ARCHS = "$(ARCHS_STANDARD_32_64_BIT)";
                            ONLY_ACTIVE_ARCH = YES;
                            SDKROOT = "/Applications/Xcode.app/Contents/Developer/Platforms/MacOSX.platform/Developer/SDKs/MacOSX10.10.sdk";
                            SYMROOT = /Users/joshuaengelsma/git/OpenGLPictureToModel/SampleProject/build;
                     };
                     name = RelWithDebInfo;
              };
              07C722883F584F9FB18B964E /* Debug */ = {
                     isa = XCBuildConfiguration;
                     buildSettings = {
                            COMBINE_HIDPI_IMAGES = YES;
                            GCC_GENERATE_DEBUGGING_SYMBOLS = NO;
                            GCC_INLINES_ARE_PRIVATE_EXTERN = NO;
                            GCC_OPTIMIZATION_LEVEL = 0;
                            GCC_PREPROCESSOR_DEFINITIONS = ("'CMAKE_INTDIR=\"$(CONFIGURATION)$(EFFECTIVE_PLATFORM_NAME)\"'", );
                            GCC_SYMBOLS_PRIVATE_EXTERN = NO;
                            HEADER_SEARCH_PATHS = (/usr/local/include, );
                            INSTALL_PATH = "";
                            OTHER_CFLAGS = "  ";
                            OTHER_LDFLAGS = " ";
                            OTHER_REZFLAGS = "";
                            PRODUCT_NAME = ALL_BUILD;
                            SECTORDER_FLAGS = "";
                            SYMROOT = /Users/joshuaengelsma/git/OpenGLPictureToModel/SampleProject;
                            USE_HEADERMAP = NO;
                            WARNING_CFLAGS = ("-Wmost", "-Wno-four-char-constants", "-Wno-unknown-pragmas", );
                     };
                     name = Debug;
              };
              F9058477B107414E9559B5E8 /* Release */ = {
                     isa = XCBuildConfiguration;
                     buildSettings = {
                            COMBINE_HIDPI_IMAGES = YES;
                            GCC_GENERATE_DEBUGGING_SYMBOLS = NO;
                            GCC_INLINES_ARE_PRIVATE_EXTERN = NO;
                            GCC_OPTIMIZATION_LEVEL = 0;
                            GCC_PREPROCESSOR_DEFINITIONS = ("'CMAKE_INTDIR=\"$(CONFIGURATION)$(EFFECTIVE_PLATFORM_NAME)\"'", );
                            GCC_SYMBOLS_PRIVATE_EXTERN = NO;
                            HEADER_SEARCH_PATHS = (/usr/local/include, );
                            INSTALL_PATH = "";
                            OTHER_CFLAGS = "  ";
                            OTHER_LDFLAGS = " ";
                            OTHER_REZFLAGS = "";
                            PRODUCT_NAME = ALL_BUILD;
                            SECTORDER_FLAGS = "";
                            SYMROOT = /Users/joshuaengelsma/git/OpenGLPictureToModel/SampleProject;
                            USE_HEADERMAP = NO;
                            WARNING_CFLAGS = ("-Wmost", "-Wno-four-char-constants", "-Wno-unknown-pragmas", );
                     };
                     name = Release;
              };
              AF15FF46BBB4460E855C5912 /* MinSizeRel */ = {
                     isa = XCBuildConfiguration;
                     buildSettings = {
                            COMBINE_HIDPI_IMAGES = YES;
                            GCC_GENERATE_DEBUGGING_SYMBOLS = NO;
                            GCC_INLINES_ARE_PRIVATE_EXTERN = NO;
                            GCC_OPTIMIZATION_LEVEL = 0;
                            GCC_PREPROCESSOR_DEFINITIONS = ("'CMAKE_INTDIR=\"$(CONFIGURATION)$(EFFECTIVE_PLATFORM_NAME)\"'", );
                            GCC_SYMBOLS_PRIVATE_EXTERN = NO;
                            HEADER_SEARCH_PATHS = (/usr/local/include, );
                            INSTALL_PATH = "";
                            OTHER_CFLAGS = "  ";
                            OTHER_LDFLAGS = " ";
                            OTHER_REZFLAGS = "";
                            PRODUCT_NAME = ALL_BUILD;
                            SECTORDER_FLAGS = "";
                            SYMROOT = /Users/joshuaengelsma/git/OpenGLPictureToModel/SampleProject;
                            USE_HEADERMAP = NO;
                            WARNING_CFLAGS = ("-Wmost", "-Wno-four-char-constants", "-Wno-unknown-pragmas", );
                     };
                     name = MinSizeRel;
              };
              DFA85D200EB94BB0BF28F605 /* RelWithDebInfo */ = {
                     isa = XCBuildConfiguration;
                     buildSettings = {
                            COMBINE_HIDPI_IMAGES = YES;
                            GCC_GENERATE_DEBUGGING_SYMBOLS = NO;
                            GCC_INLINES_ARE_PRIVATE_EXTERN = NO;
                            GCC_OPTIMIZATION_LEVEL = 0;
                            GCC_PREPROCESSOR_DEFINITIONS = ("'CMAKE_INTDIR=\"$(CONFIGURATION)$(EFFECTIVE_PLATFORM_NAME)\"'", );
                            GCC_SYMBOLS_PRIVATE_EXTERN = NO;
                            HEADER_SEARCH_PATHS = (/usr/local/include, );
                            INSTALL_PATH = "";
                            OTHER_CFLAGS = "  ";
                            OTHER_LDFLAGS = " ";
                            OTHER_REZFLAGS = "";
                            PRODUCT_NAME = ALL_BUILD;
                            SECTORDER_FLAGS = "";
                            SYMROOT = /Users/joshuaengelsma/git/OpenGLPictureToModel/SampleProject;
                            USE_HEADERMAP = NO;
                            WARNING_CFLAGS = ("-Wmost", "-Wno-four-char-constants", "-Wno-unknown-pragmas", );
                     };
                     name = RelWithDebInfo;
              };
              49D9CA5B1A564A12A8F744FF /* Debug */ = {
                     isa = XCBuildConfiguration;
                     buildSettings = {
                            COMBINE_HIDPI_IMAGES = YES;
                            GCC_GENERATE_DEBUGGING_SYMBOLS = NO;
                            GCC_INLINES_ARE_PRIVATE_EXTERN = NO;
                            GCC_OPTIMIZATION_LEVEL = 0;
                            GCC_PREPROCESSOR_DEFINITIONS = ("'CMAKE_INTDIR=\"$(CONFIGURATION)$(EFFECTIVE_PLATFORM_NAME)\"'", );
                            GCC_SYMBOLS_PRIVATE_EXTERN = NO;
                            HEADER_SEARCH_PATHS = (/usr/local/include, );
                            INSTALL_PATH = "";
                            OTHER_CFLAGS = "  ";
                            OTHER_LDFLAGS = " ";
                            OTHER_REZFLAGS = "";
                            PRODUCT_NAME = ZERO_CHECK;
                            SECTORDER_FLAGS = "";
                            SYMROOT = /Users/joshuaengelsma/git/OpenGLPictureToModel/SampleProject;
                            USE_HEADERMAP = NO;
                            WARNING_CFLAGS = ("-Wmost", "-Wno-four-char-constants", "-Wno-unknown-pragmas", );
                     };
                     name = Debug;
              };
              F5F6FEF7AD1E40BF89384A90 /* Release */ = {
                     isa = XCBuildConfiguration;
                     buildSettings = {
                            COMBINE_HIDPI_IMAGES = YES;
                            GCC_GENERATE_DEBUGGING_SYMBOLS = NO;
                            GCC_INLINES_ARE_PRIVATE_EXTERN = NO;
                            GCC_OPTIMIZATION_LEVEL = 0;
                            GCC_PREPROCESSOR_DEFINITIONS = ("'CMAKE_INTDIR=\"$(CONFIGURATION)$(EFFECTIVE_PLATFORM_NAME)\"'", );
                            GCC_SYMBOLS_PRIVATE_EXTERN = NO;
                            HEADER_SEARCH_PATHS = (/usr/local/include, );
                            INSTALL_PATH = "";
                            OTHER_CFLAGS = "  ";
                            OTHER_LDFLAGS = " ";
                            OTHER_REZFLAGS = "";
                            PRODUCT_NAME = ZERO_CHECK;
                            SECTORDER_FLAGS = "";
                            SYMROOT = /Users/joshuaengelsma/git/OpenGLPictureToModel/SampleProject;
                            USE_HEADERMAP = NO;
                            WARNING_CFLAGS = ("-Wmost", "-Wno-four-char-constants", "-Wno-unknown-pragmas", );
                     };
                     name = Release;
              };
              DFCCBE07763B4B73B40177C4 /* MinSizeRel */ = {
                     isa = XCBuildConfiguration;
                     buildSettings = {
                            COMBINE_HIDPI_IMAGES = YES;
                            GCC_GENERATE_DEBUGGING_SYMBOLS = NO;
                            GCC_INLINES_ARE_PRIVATE_EXTERN = NO;
                            GCC_OPTIMIZATION_LEVEL = 0;
                            GCC_PREPROCESSOR_DEFINITIONS = ("'CMAKE_INTDIR=\"$(CONFIGURATION)$(EFFECTIVE_PLATFORM_NAME)\"'", );
                            GCC_SYMBOLS_PRIVATE_EXTERN = NO;
                            HEADER_SEARCH_PATHS = (/usr/local/include, );
                            INSTALL_PATH = "";
                            OTHER_CFLAGS = "  ";
                            OTHER_LDFLAGS = " ";
                            OTHER_REZFLAGS = "";
                            PRODUCT_NAME = ZERO_CHECK;
                            SECTORDER_FLAGS = "";
                            SYMROOT = /Users/joshuaengelsma/git/OpenGLPictureToModel/SampleProject;
                            USE_HEADERMAP = NO;
                            WARNING_CFLAGS = ("-Wmost", "-Wno-four-char-constants", "-Wno-unknown-pragmas", );
                     };
                     name = MinSizeRel;
              };
              D873E2CB75454DAE9C657C93 /* RelWithDebInfo */ = {
                     isa = XCBuildConfiguration;
                     buildSettings = {
                            COMBINE_HIDPI_IMAGES = YES;
                            GCC_GENERATE_DEBUGGING_SYMBOLS = NO;
                            GCC_INLINES_ARE_PRIVATE_EXTERN = NO;
                            GCC_OPTIMIZATION_LEVEL = 0;
                            GCC_PREPROCESSOR_DEFINITIONS = ("'CMAKE_INTDIR=\"$(CONFIGURATION)$(EFFECTIVE_PLATFORM_NAME)\"'", );
                            GCC_SYMBOLS_PRIVATE_EXTERN = NO;
                            HEADER_SEARCH_PATHS = (/usr/local/include, );
                            INSTALL_PATH = "";
                            OTHER_CFLAGS = "  ";
                            OTHER_LDFLAGS = " ";
                            OTHER_REZFLAGS = "";
                            PRODUCT_NAME = ZERO_CHECK;
                            SECTORDER_FLAGS = "";
                            SYMROOT = /Users/joshuaengelsma/git/OpenGLPictureToModel/SampleProject;
                            USE_HEADERMAP = NO;
                            WARNING_CFLAGS = ("-Wmost", "-Wno-four-char-constants", "-Wno-unknown-pragmas", );
                     };
                     name = RelWithDebInfo;
              };
              0F7DF0EBA75149CCB4C14E4F /* Debug */ = {
                     isa = XCBuildConfiguration;
                     buildSettings = {
                            COMBINE_HIDPI_IMAGES = YES;
                            EXECUTABLE_PREFIX = "";
                            EXECUTABLE_SUFFIX = "";
                            GCC_GENERATE_DEBUGGING_SYMBOLS = YES;
                            GCC_INLINES_ARE_PRIVATE_EXTERN = NO;
                            GCC_OPTIMIZATION_LEVEL = 0;
                            GCC_PREPROCESSOR_DEFINITIONS = ("'CMAKE_INTDIR=\"$(CONFIGURATION)$(EFFECTIVE_PLATFORM_NAME)\"'", );
                            GCC_SYMBOLS_PRIVATE_EXTERN = NO;
                            HEADER_SEARCH_PATHS = (/usr/local/include, );
                            INSTALL_PATH = "";
                            LIBRARY_SEARCH_PATHS = "";
                            OTHER_CFLAGS = "    ";
                            OTHER_CPLUSPLUSFLAGS = " -std=c++11     ";
                            OTHER_LDFLAGS = " -Wl,-search_paths_first -Wl,-headerpad_max_install_names  /usr/local/lib/libglfw3.a -framework AGL -framework OpenGL -framework Cocoa -framework CoreVideo -framework IOKit /usr/local/lib/libGLEW.dylib -framework AGL -framework OpenGL /usr/local/lib/libglfw3.a /usr/local/lib/libGLEW.dylib -framework Cocoa -framework CoreVideo -framework IOKit";
                            OTHER_REZFLAGS = "";
                            PRODUCT_NAME = sample;
                            SECTORDER_FLAGS = "";
                            SYMROOT = /Users/joshuaengelsma/git/OpenGLPictureToModel/SampleProject;
                            USE_HEADERMAP = NO;
                            WARNING_CFLAGS = ("-Wmost", "-Wno-four-char-constants", "-Wno-unknown-pragmas", );
                     };
                     name = Debug;
              };
              C2B7753516F0407B814B4750 /* Release */ = {
                     isa = XCBuildConfiguration;
                     buildSettings = {
                            COMBINE_HIDPI_IMAGES = YES;
                            EXECUTABLE_PREFIX = "";
                            EXECUTABLE_SUFFIX = "";
                            GCC_GENERATE_DEBUGGING_SYMBOLS = NO;
                            GCC_INLINES_ARE_PRIVATE_EXTERN = NO;
                            GCC_OPTIMIZATION_LEVEL = 3;
                            GCC_PREPROCESSOR_DEFINITIONS = ("'CMAKE_INTDIR=\"$(CONFIGURATION)$(EFFECTIVE_PLATFORM_NAME)\"'", );
                            GCC_SYMBOLS_PRIVATE_EXTERN = NO;
                            HEADER_SEARCH_PATHS = (/usr/local/include, );
                            INSTALL_PATH = "";
                            LIBRARY_SEARCH_PATHS = "";
                            OTHER_CFLAGS = "    -DNDEBUG  ";
                            OTHER_CPLUSPLUSFLAGS = " -std=c++11     -DNDEBUG  ";
                            OTHER_LDFLAGS = " -Wl,-search_paths_first -Wl,-headerpad_max_install_names  /usr/local/lib/libglfw3.a -framework AGL -framework OpenGL -framework Cocoa -framework CoreVideo -framework IOKit /usr/local/lib/libGLEW.dylib -framework AGL -framework OpenGL /usr/local/lib/libglfw3.a /usr/local/lib/libGLEW.dylib -framework Cocoa -framework CoreVideo -framework IOKit";
                            OTHER_REZFLAGS = "";
                            PRODUCT_NAME = sample;
                            SECTORDER_FLAGS = "";
                            SYMROOT = /Users/joshuaengelsma/git/OpenGLPictureToModel/SampleProject;
                            USE_HEADERMAP = NO;
                            WARNING_CFLAGS = ("-Wmost", "-Wno-four-char-constants", "-Wno-unknown-pragmas", );
                     };
                     name = Release;
              };
              F21A876657E14B0ABE4F8136 /* MinSizeRel */ = {
                     isa = XCBuildConfiguration;
                     buildSettings = {
                            COMBINE_HIDPI_IMAGES = YES;
                            EXECUTABLE_PREFIX = "";
                            EXECUTABLE_SUFFIX = "";
                            GCC_GENERATE_DEBUGGING_SYMBOLS = NO;
                            GCC_INLINES_ARE_PRIVATE_EXTERN = NO;
                            GCC_OPTIMIZATION_LEVEL = s;
                            GCC_PREPROCESSOR_DEFINITIONS = ("'CMAKE_INTDIR=\"$(CONFIGURATION)$(EFFECTIVE_PLATFORM_NAME)\"'", );
                            GCC_SYMBOLS_PRIVATE_EXTERN = NO;
                            HEADER_SEARCH_PATHS = (/usr/local/include, );
                            INSTALL_PATH = "";
                            LIBRARY_SEARCH_PATHS = "";
                            OTHER_CFLAGS = "    -DNDEBUG  ";
                            OTHER_CPLUSPLUSFLAGS = " -std=c++11     -DNDEBUG  ";
                            OTHER_LDFLAGS = " -Wl,-search_paths_first -Wl,-headerpad_max_install_names  /usr/local/lib/libglfw3.a -framework AGL -framework OpenGL -framework Cocoa -framework CoreVideo -framework IOKit /usr/local/lib/libGLEW.dylib -framework AGL -framework OpenGL /usr/local/lib/libglfw3.a /usr/local/lib/libGLEW.dylib -framework Cocoa -framework CoreVideo -framework IOKit";
                            OTHER_REZFLAGS = "";
                            PRODUCT_NAME = sample;
                            SECTORDER_FLAGS = "";
                            SYMROOT = /Users/joshuaengelsma/git/OpenGLPictureToModel/SampleProject;
                            USE_HEADERMAP = NO;
                            WARNING_CFLAGS = ("-Wmost", "-Wno-four-char-constants", "-Wno-unknown-pragmas", );
                     };
                     name = MinSizeRel;
              };
              DAAA5DAC4E4B4497B3654A1F /* RelWithDebInfo */ = {
                     isa = XCBuildConfiguration;
                     buildSettings = {
                            COMBINE_HIDPI_IMAGES = YES;
                            EXECUTABLE_PREFIX = "";
                            EXECUTABLE_SUFFIX = "";
                            GCC_GENERATE_DEBUGGING_SYMBOLS = YES;
                            GCC_INLINES_ARE_PRIVATE_EXTERN = NO;
                            GCC_OPTIMIZATION_LEVEL = 2;
                            GCC_PREPROCESSOR_DEFINITIONS = ("'CMAKE_INTDIR=\"$(CONFIGURATION)$(EFFECTIVE_PLATFORM_NAME)\"'", );
                            GCC_SYMBOLS_PRIVATE_EXTERN = NO;
                            HEADER_SEARCH_PATHS = (/usr/local/include, );
                            INSTALL_PATH = "";
                            LIBRARY_SEARCH_PATHS = "";
                            OTHER_CFLAGS = "       -DNDEBUG  ";
                            OTHER_CPLUSPLUSFLAGS = " -std=c++11        -DNDEBUG  ";
                            OTHER_LDFLAGS = " -Wl,-search_paths_first -Wl,-headerpad_max_install_names  /usr/local/lib/libglfw3.a -framework AGL -framework OpenGL -framework Cocoa -framework CoreVideo -framework IOKit /usr/local/lib/libGLEW.dylib -framework AGL -framework OpenGL /usr/local/lib/libglfw3.a /usr/local/lib/libGLEW.dylib -framework Cocoa -framework CoreVideo -framework IOKit";
                            OTHER_REZFLAGS = "";
                            PRODUCT_NAME = sample;
                            SECTORDER_FLAGS = "";
                            SYMROOT = /Users/joshuaengelsma/git/OpenGLPictureToModel/SampleProject;
                            USE_HEADERMAP = NO;
                            WARNING_CFLAGS = ("-Wmost", "-Wno-four-char-constants", "-Wno-unknown-pragmas", );
                     };
                     name = RelWithDebInfo;
              };
/* End XCBuildConfiguration section */

/* Begin XCConfigurationList section */
              C0628E77B39C407A8F6110BD /* Build configuration list for PBXProject  "sample" */ = {
                     isa = XCConfigurationList;
                     buildConfigurations = (
                            39EDF3A03CEC4096A39E4EA0 /* Debug */,
                            2371B219109A4C139DA7ADE3 /* Release */,
                            FD1FC118EA6B4C41BBB5BA0D /* MinSizeRel */,
                            1D27D71C19C243BCBA18B9AB /* RelWithDebInfo */,
                     );
                     defaultConfigurationIsVisible = 0;
                     defaultConfigurationName = Debug;
              };
              4B5E055C04D546D2A26E366C /* Build configuration list for PBXAggregateTarget "ALL_BUILD" */ = {
                     isa = XCConfigurationList;
                     buildConfigurations = (
                            07C722883F584F9FB18B964E /* Debug */,
                            F9058477B107414E9559B5E8 /* Release */,
                            AF15FF46BBB4460E855C5912 /* MinSizeRel */,
                            DFA85D200EB94BB0BF28F605 /* RelWithDebInfo */,
                     );
                     defaultConfigurationIsVisible = 0;
                     defaultConfigurationName = Debug;
              };
              4054BF2EC44C4E19B9DEAE4B /* Build configuration list for PBXAggregateTarget "ZERO_CHECK" */ = {
                     isa = XCConfigurationList;
                     buildConfigurations = (
                            49D9CA5B1A564A12A8F744FF /* Debug */,
                            F5F6FEF7AD1E40BF89384A90 /* Release */,
                            DFCCBE07763B4B73B40177C4 /* MinSizeRel */,
                            D873E2CB75454DAE9C657C93 /* RelWithDebInfo */,
                     );
                     defaultConfigurationIsVisible = 0;
                     defaultConfigurationName = Debug;
              };
              0C653ECA20FC4FDA8BA09309 /* Build configuration list for PBXNativeTarget "sample" */ = {
                     isa = XCConfigurationList;
                     buildConfigurations = (
                            0F7DF0EBA75149CCB4C14E4F /* Debug */,
                            C2B7753516F0407B814B4750 /* Release */,
                            F21A876657E14B0ABE4F8136 /* MinSizeRel */,
                            DAAA5DAC4E4B4497B3654A1F /* RelWithDebInfo */,
                     );
                     defaultConfigurationIsVisible = 0;
                     defaultConfigurationName = Debug;
              };
/* End XCConfigurationList section */
       };
       rootObject = 066967739C574ABCA945A08E;
}
